
Microsoft Visual Studio Solution File, Format Version 12.00
# Visual Studio Version 16
VisualStudioVersion = 16.0.31613.86
MinimumVisualStudioVersion = 10.0.40219.1
Project("{FAE04EC0-301F-11D3-BF4B-00C04F79EFBC}") = "Ex1", "Ex1\Ex1.csproj", "{54795E9A-A23B-457C-B26D-08C676946C98}"
EndProject
Global
	GlobalSection(SolutionConfigurationPlatforms) = preSolution
		Debug|Any CPU = Debug|Any CPU
		Release|Any CPU = Release|Any CPU
	EndGlobalSection
	GlobalSection(ProjectConfigurationPlatforms) = postSolution
		{54795E9A-A23B-457C-B26D-08C676946C98}.Debug|Any CPU.ActiveCfg = Debug|Any CPU
		{54795E9A-A23B-457C-B26D-08C676946C98}.Debug|Any CPU.Build.0 = Debug|Any CPU
		{54795E9A-A23B-457C-B26D-08C676946C98}.Release|Any CPU.ActiveCfg = Release|Any CPU
		{54795E9A-A23B-457C-B26D-08C676946C98}.Release|Any CPU.Build.0 = Release|Any CPU
	EndGlobalSection
	GlobalSection(SolutionProperties) = preSolution
		HideSolutionNode = FALSE
	EndGlobalSection
	GlobalSection(ExtensibilityGlobals) = postSolution
		SolutionGuid = {86741AC9-A0EB-439A-9D40-F918B4AC122B}
	EndGlobalSection
EndGlobal
